
Microsoft Visual Studio Solution File, Format Version 12.00
# Visual Studio 15
VisualStudioVersion = 15.0.27130.2027
MinimumVisualStudioVersion = 10.0.40219.1
Project("{FAE04EC0-301F-11D3-BF4B-00C04F79EFBC}") = "LibraryFinalWinformProject", "LibraryFinalWinformProject\LibraryFinalWinformProject.csproj", "{4662BAA8-FB89-4A6A-B623-C8E7BC1BDD76}"
EndProject
Global
	GlobalSection(SolutionConfigurationPlatforms) = preSolution
		Debug|Any CPU = Debug|Any CPU
		Release|Any CPU = Release|Any CPU
	EndGlobalSection
	GlobalSection(ProjectConfigurationPlatforms) = postSolution
		{4662BAA8-FB89-4A6A-B623-C8E7BC1BDD76}.Debug|Any CPU.ActiveCfg = Debug|Any CPU
		{4662BAA8-FB89-4A6A-B623-C8E7BC1BDD76}.Debug|Any CPU.Build.0 = Debug|Any CPU
		{4662BAA8-FB89-4A6A-B623-C8E7BC1BDD76}.Release|Any CPU.ActiveCfg = Release|Any CPU
		{4662BAA8-FB89-4A6A-B623-C8E7BC1BDD76}.Release|Any CPU.Build.0 = Release|Any CPU
	EndGlobalSection
	GlobalSection(SolutionProperties) = preSolution
		HideSolutionNode = FALSE
	EndGlobalSection
	GlobalSection(ExtensibilityGlobals) = postSolution
		SolutionGuid = {5AF2CE24-1166-4320-B659-71DD7246B82B}
	EndGlobalSection
EndGlobal
